
Microsoft Visual Studio Solution File, Format Version 12.00
# Visual Studio Version 17
VisualStudioVersion = 17.6.33829.357
MinimumVisualStudioVersion = 10.0.40219.1
Project("{9A19103F-16F7-4668-BE54-9A1E7A4F7556}") = "cpap-lib", "cpap-lib\cpap-lib.csproj", "{294FA5A7-7001-440D-A13B-9C2A66EB9918}"
EndProject
Project("{9A19103F-16F7-4668-BE54-9A1E7A4F7556}") = "cpaplib_tests", "cpaplib_tests\cpaplib_tests.csproj", "{96CE979E-5DCE-4E8F-A336-046D29376DCF}"
EndProject
Project("{FAE04EC0-301F-11D3-BF4B-00C04F79EFBC}") = "example-viewer", "example-viewer\example-viewer.csproj", "{BDB1E981-1A3A-4979-A210-F8AF6E3F01F7}"
EndProject
Project("{FAE04EC0-301F-11D3-BF4B-00C04F79EFBC}") = "cpap-db", "cpap-db\cpap-db.csproj", "{64EF7EA9-A2E4-407C-B12E-3D0145516BD0}"
EndProject
Project("{FAE04EC0-301F-11D3-BF4B-00C04F79EFBC}") = "cpap-app", "cpap-app\cpap-app\cpap-app.csproj", "{7BEFD344-D66C-409B-B30A-802A9A3EFDA0}"
EndProject
Project("{FAE04EC0-301F-11D3-BF4B-00C04F79EFBC}") = "cpap-app.Desktop", "cpap-app\cpap-app.Desktop\cpap-app.Desktop.csproj", "{DBF196E9-B90C-4432-BF3B-7CF448CB9C43}"
EndProject
Global
	GlobalSection(SolutionConfigurationPlatforms) = preSolution
		Debug|Any CPU = Debug|Any CPU
		Release|Any CPU = Release|Any CPU
	EndGlobalSection
	GlobalSection(ProjectConfigurationPlatforms) = postSolution
		{294FA5A7-7001-440D-A13B-9C2A66EB9918}.Debug|Any CPU.ActiveCfg = Debug|Any CPU
		{294FA5A7-7001-440D-A13B-9C2A66EB9918}.Debug|Any CPU.Build.0 = Debug|Any CPU
		{294FA5A7-7001-440D-A13B-9C2A66EB9918}.Release|Any CPU.ActiveCfg = Release|Any CPU
		{294FA5A7-7001-440D-A13B-9C2A66EB9918}.Release|Any CPU.Build.0 = Release|Any CPU
		{96CE979E-5DCE-4E8F-A336-046D29376DCF}.Debug|Any CPU.ActiveCfg = Debug|Any CPU
		{96CE979E-5DCE-4E8F-A336-046D29376DCF}.Debug|Any CPU.Build.0 = Debug|Any CPU
		{96CE979E-5DCE-4E8F-A336-046D29376DCF}.Release|Any CPU.ActiveCfg = Release|Any CPU
		{96CE979E-5DCE-4E8F-A336-046D29376DCF}.Release|Any CPU.Build.0 = Release|Any CPU
		{BDB1E981-1A3A-4979-A210-F8AF6E3F01F7}.Debug|Any CPU.ActiveCfg = Debug|Any CPU
		{BDB1E981-1A3A-4979-A210-F8AF6E3F01F7}.Debug|Any CPU.Build.0 = Debug|Any CPU
		{BDB1E981-1A3A-4979-A210-F8AF6E3F01F7}.Release|Any CPU.ActiveCfg = Release|Any CPU
		{BDB1E981-1A3A-4979-A210-F8AF6E3F01F7}.Release|Any CPU.Build.0 = Release|Any CPU
		{64EF7EA9-A2E4-407C-B12E-3D0145516BD0}.Debug|Any CPU.ActiveCfg = Debug|Any CPU
		{64EF7EA9-A2E4-407C-B12E-3D0145516BD0}.Debug|Any CPU.Build.0 = Debug|Any CPU
		{64EF7EA9-A2E4-407C-B12E-3D0145516BD0}.Release|Any CPU.ActiveCfg = Release|Any CPU
		{64EF7EA9-A2E4-407C-B12E-3D0145516BD0}.Release|Any CPU.Build.0 = Release|Any CPU
		{7BEFD344-D66C-409B-B30A-802A9A3EFDA0}.Debug|Any CPU.ActiveCfg = Debug|Any CPU
		{7BEFD344-D66C-409B-B30A-802A9A3EFDA0}.Debug|Any CPU.Build.0 = Debug|Any CPU
		{7BEFD344-D66C-409B-B30A-802A9A3EFDA0}.Release|Any CPU.ActiveCfg = Release|Any CPU
		{7BEFD344-D66C-409B-B30A-802A9A3EFDA0}.Release|Any CPU.Build.0 = Release|Any CPU
		{DBF196E9-B90C-4432-BF3B-7CF448CB9C43}.Debug|Any CPU.ActiveCfg = Debug|Any CPU
		{DBF196E9-B90C-4432-BF3B-7CF448CB9C43}.Debug|Any CPU.Build.0 = Debug|Any CPU
		{DBF196E9-B90C-4432-BF3B-7CF448CB9C43}.Release|Any CPU.ActiveCfg = Release|Any CPU
		{DBF196E9-B90C-4432-BF3B-7CF448CB9C43}.Release|Any CPU.Build.0 = Release|Any CPU
	EndGlobalSection
	GlobalSection(SolutionProperties) = preSolution
		HideSolutionNode = FALSE
	EndGlobalSection
EndGlobal
